<Solution>
  <Configurations>
    <Platform Name="Any CPU" />
    <Platform Name="x64" />
    <Platform Name="x86" />
  </Configurations>
  <Project Path="NikoNiko.Api/NikoNiko.Api.csproj" />
  <Project Path="NikoNiko.Core/NikoNiko.Core.csproj" />
  <Project Path="NikoNiko.Data.PostgreSql/NikoNiko.Data.PostgreSql.csproj" />
  <Project Path="NikoNiko.Data.Sqlite/NikoNiko.Data.Sqlite.csproj" />
  <Project Path="NikoNiko.Data/NikoNiko.Data.csproj" />
  <Project Path="NikoNiko.Notifications.IntegrationTests/NikoNiko.Notifications.IntegrationTests.csproj" />
  <Project Path="NikoNiko.Notifications/NikoNiko.Notifications.csproj" />
  <Project Path="NikoNiko.Services.UnitTests/NikoNiko.Services.UnitTests.csproj" />
  <Project Path="NikoNiko.Services/NikoNiko.Services.csproj" />
  <Project Path="NikoNiko.Api.IntegrationTests/NikoNiko.Api.IntegrationTests.csproj" />
</Solution>
